{
  "name": "rickshawala",
  "lockfileVersion": 2,
  "requires": true,
  "packages": {
    "": {
      "name": "rickshawala",
      "version": "1.0.0",
      "dependencies": {
        "@capacitor/core": "latest"
      },
      "devDependencies": {
        "@capacitor/cli": "latest"
      }
    }
  }
}
